
Microsoft Visual Studio Solution File, Format Version 12.00
# Visual Studio Version 16
VisualStudioVersion = 16.0.29709.97
MinimumVisualStudioVersion = 10.0.40219.1
Project("{9A19103F-16F7-4668-BE54-9A1E7A4F7556}") = "ConsoleApp", "ConsoleApp\ConsoleApp.csproj", "{72E609E0-8657-49D4-8334-EA2949445B97}"
EndProject
Project("{FAE04EC0-301F-11D3-BF4B-00C04F79EFBC}") = "MyApp", "MyApp\MyApp.csproj", "{65F2F8BA-35B0-4791-A31B-BA14A5D67FD7}"
EndProject
Global
	GlobalSection(SolutionConfigurationPlatforms) = preSolution
		Debug|Any CPU = Debug|Any CPU
		Release|Any CPU = Release|Any CPU
	EndGlobalSection
	GlobalSection(ProjectConfigurationPlatforms) = postSolution
		{72E609E0-8657-49D4-8334-EA2949445B97}.Debug|Any CPU.ActiveCfg = Debug|Any CPU
		{72E609E0-8657-49D4-8334-EA2949445B97}.Debug|Any CPU.Build.0 = Debug|Any CPU
		{72E609E0-8657-49D4-8334-EA2949445B97}.Release|Any CPU.ActiveCfg = Release|Any CPU
		{72E609E0-8657-49D4-8334-EA2949445B97}.Release|Any CPU.Build.0 = Release|Any CPU
		{65F2F8BA-35B0-4791-A31B-BA14A5D67FD7}.Debug|Any CPU.ActiveCfg = Debug|Any CPU
		{65F2F8BA-35B0-4791-A31B-BA14A5D67FD7}.Debug|Any CPU.Build.0 = Debug|Any CPU
		{65F2F8BA-35B0-4791-A31B-BA14A5D67FD7}.Release|Any CPU.ActiveCfg = Release|Any CPU
		{65F2F8BA-35B0-4791-A31B-BA14A5D67FD7}.Release|Any CPU.Build.0 = Release|Any CPU
	EndGlobalSection
	GlobalSection(SolutionProperties) = preSolution
		HideSolutionNode = FALSE
	EndGlobalSection
	GlobalSection(ExtensibilityGlobals) = postSolution
		SolutionGuid = {827F4ED1-34C0-46D1-A12E-108D753214A3}
	EndGlobalSection
EndGlobal
